
Microsoft Visual Studio Solution File, Format Version 12.00
# Visual Studio 14
VisualStudioVersion = 14.0.25420.1
MinimumVisualStudioVersion = 10.0.40219.1
Project("{FAE04EC0-301F-11D3-BF4B-00C04F79EFBC}") = "AnushkaSales.Model", "AnushkaSales.Model\AnushkaSales.Model.csproj", "{70E9A086-DB8F-4780-A8D8-E7FCE56DDB5F}"
EndProject
Project("{FAE04EC0-301F-11D3-BF4B-00C04F79EFBC}") = "AnushkaSales.Test", "AnushkaSales.Test\AnushkaSales.Test.csproj", "{E3395AD9-DBF8-4AA0-A18F-1FF5007CB538}"
EndProject
Project("{FAE04EC0-301F-11D3-BF4B-00C04F79EFBC}") = "AnushkaSales.Web", "AnushkaSales.Web\AnushkaSales.Web.csproj", "{C344EDF2-6808-470F-8BF5-673C64BF62C8}"
EndProject
Project("{FAE04EC0-301F-11D3-BF4B-00C04F79EFBC}") = "AnushkaSales.Shared", "AnushkaSales.Shared\AnushkaSales.Shared.csproj", "{38D50D02-5B66-4146-80E9-84E08D8CAA3E}"
EndProject
Global
	GlobalSection(SolutionConfigurationPlatforms) = preSolution
		Debug|Any CPU = Debug|Any CPU
		Release|Any CPU = Release|Any CPU
	EndGlobalSection
	GlobalSection(ProjectConfigurationPlatforms) = postSolution
		{70E9A086-DB8F-4780-A8D8-E7FCE56DDB5F}.Debug|Any CPU.ActiveCfg = Debug|Any CPU
		{70E9A086-DB8F-4780-A8D8-E7FCE56DDB5F}.Debug|Any CPU.Build.0 = Debug|Any CPU
		{70E9A086-DB8F-4780-A8D8-E7FCE56DDB5F}.Release|Any CPU.ActiveCfg = Release|Any CPU
		{70E9A086-DB8F-4780-A8D8-E7FCE56DDB5F}.Release|Any CPU.Build.0 = Release|Any CPU
		{E3395AD9-DBF8-4AA0-A18F-1FF5007CB538}.Debug|Any CPU.ActiveCfg = Debug|Any CPU
		{E3395AD9-DBF8-4AA0-A18F-1FF5007CB538}.Debug|Any CPU.Build.0 = Debug|Any CPU
		{E3395AD9-DBF8-4AA0-A18F-1FF5007CB538}.Release|Any CPU.ActiveCfg = Release|Any CPU
		{E3395AD9-DBF8-4AA0-A18F-1FF5007CB538}.Release|Any CPU.Build.0 = Release|Any CPU
		{C344EDF2-6808-470F-8BF5-673C64BF62C8}.Debug|Any CPU.ActiveCfg = Debug|Any CPU
		{C344EDF2-6808-470F-8BF5-673C64BF62C8}.Debug|Any CPU.Build.0 = Debug|Any CPU
		{C344EDF2-6808-470F-8BF5-673C64BF62C8}.Release|Any CPU.ActiveCfg = Release|Any CPU
		{C344EDF2-6808-470F-8BF5-673C64BF62C8}.Release|Any CPU.Build.0 = Release|Any CPU
		{38D50D02-5B66-4146-80E9-84E08D8CAA3E}.Debug|Any CPU.ActiveCfg = Debug|Any CPU
		{38D50D02-5B66-4146-80E9-84E08D8CAA3E}.Debug|Any CPU.Build.0 = Debug|Any CPU
		{38D50D02-5B66-4146-80E9-84E08D8CAA3E}.Release|Any CPU.ActiveCfg = Release|Any CPU
		{38D50D02-5B66-4146-80E9-84E08D8CAA3E}.Release|Any CPU.Build.0 = Release|Any CPU
	EndGlobalSection
	GlobalSection(SolutionProperties) = preSolution
		HideSolutionNode = FALSE
	EndGlobalSection
EndGlobal
